
Microsoft Visual Studio Solution File, Format Version 12.00
# Visual Studio Version 16
VisualStudioVersion = 16.0.29209.62
MinimumVisualStudioVersion = 10.0.40219.1
Project("{FAE04EC0-301F-11D3-BF4B-00C04F79EFBC}") = "AutoFilterDataGridTest", "AutoFilterDataGridTest\AutoFilterDataGridTest.csproj", "{6F915155-2DAF-4907-8CAB-0B2BCD6021A5}"
EndProject
Project("{9A19103F-16F7-4668-BE54-9A1E7A4F7556}") = "AutoFilterDataGrid", "AutoFilterDataGrid\AutoFilterDataGrid.csproj", "{FC0819D9-17CA-42AA-83B9-AA21E07790B3}"
EndProject
Global
	GlobalSection(SolutionConfigurationPlatforms) = preSolution
		Debug|Any CPU = Debug|Any CPU
		Release_Package|Any CPU = Release_Package|Any CPU
		Release|Any CPU = Release|Any CPU
	EndGlobalSection
	GlobalSection(ProjectConfigurationPlatforms) = postSolution
		{6F915155-2DAF-4907-8CAB-0B2BCD6021A5}.Debug|Any CPU.ActiveCfg = Debug|Any CPU
		{6F915155-2DAF-4907-8CAB-0B2BCD6021A5}.Debug|Any CPU.Build.0 = Debug|Any CPU
		{6F915155-2DAF-4907-8CAB-0B2BCD6021A5}.Release_Package|Any CPU.ActiveCfg = Release|Any CPU
		{6F915155-2DAF-4907-8CAB-0B2BCD6021A5}.Release_Package|Any CPU.Build.0 = Release|Any CPU
		{6F915155-2DAF-4907-8CAB-0B2BCD6021A5}.Release|Any CPU.ActiveCfg = Release|Any CPU
		{6F915155-2DAF-4907-8CAB-0B2BCD6021A5}.Release|Any CPU.Build.0 = Release|Any CPU
		{FC0819D9-17CA-42AA-83B9-AA21E07790B3}.Debug|Any CPU.ActiveCfg = Debug|Any CPU
		{FC0819D9-17CA-42AA-83B9-AA21E07790B3}.Debug|Any CPU.Build.0 = Debug|Any CPU
		{FC0819D9-17CA-42AA-83B9-AA21E07790B3}.Release_Package|Any CPU.ActiveCfg = Release_Package|Any CPU
		{FC0819D9-17CA-42AA-83B9-AA21E07790B3}.Release_Package|Any CPU.Build.0 = Release_Package|Any CPU
		{FC0819D9-17CA-42AA-83B9-AA21E07790B3}.Release|Any CPU.ActiveCfg = Release|Any CPU
		{FC0819D9-17CA-42AA-83B9-AA21E07790B3}.Release|Any CPU.Build.0 = Release|Any CPU
	EndGlobalSection
	GlobalSection(SolutionProperties) = preSolution
		HideSolutionNode = FALSE
	EndGlobalSection
	GlobalSection(ExtensibilityGlobals) = postSolution
		SolutionGuid = {EFF911FF-71AF-42A7-AE02-AB4317E6E629}
	EndGlobalSection
EndGlobal
